
Microsoft Visual Studio Solution File, Format Version 12.00
# Visual Studio Version 17
VisualStudioVersion = 17.0.31903.59
MinimumVisualStudioVersion = 10.0.40219.1
Project("{9A19103F-16F7-4668-BE54-9A1E7A4F7556}") = "Commands", "Commands\Commands.csproj", "{6A1E78DB-3F54-4552-8102-D30173AB9AD8}"
EndProject
Project("{9A19103F-16F7-4668-BE54-9A1E7A4F7556}") = "Services", "Services\Services.csproj", "{356B8EB1-A547-45F0-9570-D074BE7C7F25}"
EndProject
Project("{9A19103F-16F7-4668-BE54-9A1E7A4F7556}") = "Templates", "Templates\Templates.csproj", "{1759FCEE-CB80-456C-8D67-8335F8A438DA}"
EndProject
Project("{9A19103F-16F7-4668-BE54-9A1E7A4F7556}") = "CommandTest", "Tests\CommandTest\CommandTest.csproj", "{3351E80D-1149-487E-86B8-9C51E7796681}"
EndProject
Project("{9A19103F-16F7-4668-BE54-9A1E7A4F7556}") = "Models", "Models\Models.csproj", "{579B8037-17E6-4900-BC3F-DEE414CF74C4}"
EndProject
Project("{9A19103F-16F7-4668-BE54-9A1E7A4F7556}") = "Settings", "Settings\Settings.csproj", "{7604987A-35A0-45B8-9715-FCAE8442F340}"
EndProject
Project("{9A19103F-16F7-4668-BE54-9A1E7A4F7556}") = "Validators", "Validators\Validators.csproj", "{59816A0A-50EF-4E68-89A0-B69DC7733F7D}"
EndProject
Project("{2150E333-8FDC-42A3-9474-1A3956D46DE8}") = "Tests", "Tests", "{C62B41A0-01F0-4216-8BA7-E9AB6704551F}"
EndProject
Project("{FAE04EC0-301F-11D3-BF4B-00C04F79EFBC}") = "ModelTest", "Tests\ModelTest\ModelTest.csproj", "{FFAEB0A9-5F12-4474-A03A-946FDDD56B48}"
EndProject
Project("{FAE04EC0-301F-11D3-BF4B-00C04F79EFBC}") = "Utils", "Tests\Utils\Utils.csproj", "{8DFE1FEE-F792-419D-ABD5-564B8B83A160}"
EndProject
Project("{FAE04EC0-301F-11D3-BF4B-00C04F79EFBC}") = "ValidatorTest", "Tests\ValidatorTest\ValidatorTest.csproj", "{4B202A25-B970-4BFF-8235-2FE7C25E229A}"
EndProject
Global
	GlobalSection(SolutionConfigurationPlatforms) = preSolution
		Debug|Any CPU = Debug|Any CPU
		Release|Any CPU = Release|Any CPU
	EndGlobalSection
	GlobalSection(ProjectConfigurationPlatforms) = postSolution
		{6A1E78DB-3F54-4552-8102-D30173AB9AD8}.Debug|Any CPU.ActiveCfg = Debug|Any CPU
		{6A1E78DB-3F54-4552-8102-D30173AB9AD8}.Debug|Any CPU.Build.0 = Debug|Any CPU
		{6A1E78DB-3F54-4552-8102-D30173AB9AD8}.Release|Any CPU.ActiveCfg = Release|Any CPU
		{6A1E78DB-3F54-4552-8102-D30173AB9AD8}.Release|Any CPU.Build.0 = Release|Any CPU
		{356B8EB1-A547-45F0-9570-D074BE7C7F25}.Debug|Any CPU.ActiveCfg = Debug|Any CPU
		{356B8EB1-A547-45F0-9570-D074BE7C7F25}.Debug|Any CPU.Build.0 = Debug|Any CPU
		{356B8EB1-A547-45F0-9570-D074BE7C7F25}.Release|Any CPU.ActiveCfg = Release|Any CPU
		{356B8EB1-A547-45F0-9570-D074BE7C7F25}.Release|Any CPU.Build.0 = Release|Any CPU
		{1759FCEE-CB80-456C-8D67-8335F8A438DA}.Debug|Any CPU.ActiveCfg = Debug|Any CPU
		{1759FCEE-CB80-456C-8D67-8335F8A438DA}.Debug|Any CPU.Build.0 = Debug|Any CPU
		{1759FCEE-CB80-456C-8D67-8335F8A438DA}.Release|Any CPU.ActiveCfg = Release|Any CPU
		{1759FCEE-CB80-456C-8D67-8335F8A438DA}.Release|Any CPU.Build.0 = Release|Any CPU
		{3351E80D-1149-487E-86B8-9C51E7796681}.Debug|Any CPU.ActiveCfg = Debug|Any CPU
		{3351E80D-1149-487E-86B8-9C51E7796681}.Debug|Any CPU.Build.0 = Debug|Any CPU
		{3351E80D-1149-487E-86B8-9C51E7796681}.Release|Any CPU.ActiveCfg = Release|Any CPU
		{3351E80D-1149-487E-86B8-9C51E7796681}.Release|Any CPU.Build.0 = Release|Any CPU
		{579B8037-17E6-4900-BC3F-DEE414CF74C4}.Debug|Any CPU.ActiveCfg = Debug|Any CPU
		{579B8037-17E6-4900-BC3F-DEE414CF74C4}.Debug|Any CPU.Build.0 = Debug|Any CPU
		{579B8037-17E6-4900-BC3F-DEE414CF74C4}.Release|Any CPU.ActiveCfg = Release|Any CPU
		{579B8037-17E6-4900-BC3F-DEE414CF74C4}.Release|Any CPU.Build.0 = Release|Any CPU
		{D8773D84-598A-4DAC-9DE9-C811AA97291E}.Debug|Any CPU.ActiveCfg = Debug|Any CPU
		{D8773D84-598A-4DAC-9DE9-C811AA97291E}.Debug|Any CPU.Build.0 = Debug|Any CPU
		{D8773D84-598A-4DAC-9DE9-C811AA97291E}.Release|Any CPU.ActiveCfg = Release|Any CPU
		{D8773D84-598A-4DAC-9DE9-C811AA97291E}.Release|Any CPU.Build.0 = Release|Any CPU
		{3C641232-FF69-48F0-99E3-F653AA04940D}.Debug|Any CPU.ActiveCfg = Debug|Any CPU
		{3C641232-FF69-48F0-99E3-F653AA04940D}.Debug|Any CPU.Build.0 = Debug|Any CPU
		{3C641232-FF69-48F0-99E3-F653AA04940D}.Release|Any CPU.ActiveCfg = Release|Any CPU
		{3C641232-FF69-48F0-99E3-F653AA04940D}.Release|Any CPU.Build.0 = Release|Any CPU
		{7604987A-35A0-45B8-9715-FCAE8442F340}.Debug|Any CPU.ActiveCfg = Debug|Any CPU
		{7604987A-35A0-45B8-9715-FCAE8442F340}.Debug|Any CPU.Build.0 = Debug|Any CPU
		{7604987A-35A0-45B8-9715-FCAE8442F340}.Release|Any CPU.ActiveCfg = Release|Any CPU
		{7604987A-35A0-45B8-9715-FCAE8442F340}.Release|Any CPU.Build.0 = Release|Any CPU
		{59816A0A-50EF-4E68-89A0-B69DC7733F7D}.Debug|Any CPU.ActiveCfg = Debug|Any CPU
		{59816A0A-50EF-4E68-89A0-B69DC7733F7D}.Debug|Any CPU.Build.0 = Debug|Any CPU
		{59816A0A-50EF-4E68-89A0-B69DC7733F7D}.Release|Any CPU.ActiveCfg = Release|Any CPU
		{59816A0A-50EF-4E68-89A0-B69DC7733F7D}.Release|Any CPU.Build.0 = Release|Any CPU
		{1F5917EF-6D6C-42D9-A59D-2E409EE59C48}.Debug|Any CPU.ActiveCfg = Debug|Any CPU
		{1F5917EF-6D6C-42D9-A59D-2E409EE59C48}.Debug|Any CPU.Build.0 = Debug|Any CPU
		{1F5917EF-6D6C-42D9-A59D-2E409EE59C48}.Release|Any CPU.ActiveCfg = Release|Any CPU
		{1F5917EF-6D6C-42D9-A59D-2E409EE59C48}.Release|Any CPU.Build.0 = Release|Any CPU
		{8DDCE7B6-7DD0-4B31-A502-367BDF5A04EC}.Debug|Any CPU.ActiveCfg = Debug|Any CPU
		{8DDCE7B6-7DD0-4B31-A502-367BDF5A04EC}.Debug|Any CPU.Build.0 = Debug|Any CPU
		{8DDCE7B6-7DD0-4B31-A502-367BDF5A04EC}.Release|Any CPU.ActiveCfg = Release|Any CPU
		{8DDCE7B6-7DD0-4B31-A502-367BDF5A04EC}.Release|Any CPU.Build.0 = Release|Any CPU
		{FFAEB0A9-5F12-4474-A03A-946FDDD56B48}.Debug|Any CPU.ActiveCfg = Debug|Any CPU
		{FFAEB0A9-5F12-4474-A03A-946FDDD56B48}.Debug|Any CPU.Build.0 = Debug|Any CPU
		{FFAEB0A9-5F12-4474-A03A-946FDDD56B48}.Release|Any CPU.ActiveCfg = Release|Any CPU
		{FFAEB0A9-5F12-4474-A03A-946FDDD56B48}.Release|Any CPU.Build.0 = Release|Any CPU
		{8DFE1FEE-F792-419D-ABD5-564B8B83A160}.Debug|Any CPU.ActiveCfg = Debug|Any CPU
		{8DFE1FEE-F792-419D-ABD5-564B8B83A160}.Debug|Any CPU.Build.0 = Debug|Any CPU
		{8DFE1FEE-F792-419D-ABD5-564B8B83A160}.Release|Any CPU.ActiveCfg = Release|Any CPU
		{8DFE1FEE-F792-419D-ABD5-564B8B83A160}.Release|Any CPU.Build.0 = Release|Any CPU
		{4B202A25-B970-4BFF-8235-2FE7C25E229A}.Debug|Any CPU.ActiveCfg = Debug|Any CPU
		{4B202A25-B970-4BFF-8235-2FE7C25E229A}.Debug|Any CPU.Build.0 = Debug|Any CPU
		{4B202A25-B970-4BFF-8235-2FE7C25E229A}.Release|Any CPU.ActiveCfg = Release|Any CPU
		{4B202A25-B970-4BFF-8235-2FE7C25E229A}.Release|Any CPU.Build.0 = Release|Any CPU
	EndGlobalSection
	GlobalSection(SolutionProperties) = preSolution
		HideSolutionNode = FALSE
	EndGlobalSection
	GlobalSection(ExtensibilityGlobals) = postSolution
		SolutionGuid = {BF8ABE35-79A1-4B78-BFF8-C9E5A34FCF7C}
	EndGlobalSection
	GlobalSection(NestedProjects) = preSolution
		{FFAEB0A9-5F12-4474-A03A-946FDDD56B48} = {C62B41A0-01F0-4216-8BA7-E9AB6704551F}
		{4B202A25-B970-4BFF-8235-2FE7C25E229A} = {C62B41A0-01F0-4216-8BA7-E9AB6704551F}
	EndGlobalSection
EndGlobal
